
Microsoft Visual Studio Solution File, Format Version 12.00
# Visual Studio Version 17
VisualStudioVersion = 17.3.32811.315
MinimumVisualStudioVersion = 10.0.40219.1
Project("{2150E333-8FDC-42A3-9474-1A3956D46DE8}") = "src", "src", "{998BDA66-52D6-4C54-8361-BF3B759F6EAF}"
EndProject
Project("{2150E333-8FDC-42A3-9474-1A3956D46DE8}") = "docs", "docs", "{5BB2AECB-966D-4DD9-AAEA-0042ED6E9755}"
	ProjectSection(SolutionItems) = preProject
		readme.txt = readme.txt
	EndProjectSection
EndProject
Project("{2150E333-8FDC-42A3-9474-1A3956D46DE8}") = "apis", "apis", "{3F11A68F-A7D7-4694-AC33-0FD800782356}"
EndProject
Project("{2150E333-8FDC-42A3-9474-1A3956D46DE8}") = "services", "services", "{DE7D5438-3199-41EA-A54C-07A18D598666}"
EndProject
Project("{2150E333-8FDC-42A3-9474-1A3956D46DE8}") = "dataaccesses", "dataaccesses", "{4A838543-8E6D-4801-B910-2E8B8D363BC2}"
EndProject
Project("{9A19103F-16F7-4668-BE54-9A1E7A4F7556}") = "SS.Blog.Api", "SS.Blog.Api.csproj", "{C6A97D41-62F7-410A-A2E1-81AADB7D0A8E}"
EndProject
Project("{9A19103F-16F7-4668-BE54-9A1E7A4F7556}") = "SS.Blog.DataAccesses", "..\SS.Blog.DataAccesses\SS.Blog.DataAccesses.csproj", "{0D5BFDBA-C32B-4495-9E32-1D0031F5FE32}"
EndProject
Project("{9A19103F-16F7-4668-BE54-9A1E7A4F7556}") = "SS.Blog.Services", "..\SS.Blog.Services\SS.Blog.Services.csproj", "{AEB7245B-5111-41B9-B991-614AE7DA6E43}"
EndProject
Project("{2150E333-8FDC-42A3-9474-1A3956D46DE8}") = "models", "models", "{647BF1CE-7317-4DDD-AB50-9A4D00A12F6B}"
EndProject
Project("{9A19103F-16F7-4668-BE54-9A1E7A4F7556}") = "SS.Blog.Models", "..\SS.Blog.Models\SS.Blog.Models.csproj", "{08D2307A-E10A-4E89-A67C-DAC2B9E68566}"
EndProject
Project("{2150E333-8FDC-42A3-9474-1A3956D46DE8}") = "test", "test", "{D12F9735-C058-4A6D-82EF-C60B6FB5AE33}"
EndProject
Project("{9A19103F-16F7-4668-BE54-9A1E7A4F7556}") = "SS.Blog.UnitTest", "..\SS.Blog.UnitTest\SS.Blog.UnitTest.csproj", "{E874584C-32E7-4F15-9B60-C4BD87E664B1}"
EndProject
Project("{2150E333-8FDC-42A3-9474-1A3956D46DE8}") = "infrastructure", "infrastructure", "{AA125C94-859D-453C-9A55-F3F2D0E14015}"
EndProject
Project("{9A19103F-16F7-4668-BE54-9A1E7A4F7556}") = "SS.Blog.Queue", "..\SS.Blog.Queue\SS.Blog.Queue.csproj", "{4C490C41-FD59-4B14-AB34-0A0442245895}"
EndProject
Project("{9A19103F-16F7-4668-BE54-9A1E7A4F7556}") = "SS.Blog.Cache", "..\SS.Blog.Cache\SS.Blog.Cache.csproj", "{2CD2D91F-A38F-417B-B144-C9D7F221DA19}"
EndProject
Project("{2150E333-8FDC-42A3-9474-1A3956D46DE8}") = "middleware", "middleware", "{C9A03C4F-E4BA-4DE3-BFF2-1B62205C85DE}"
EndProject
Project("{FAE04EC0-301F-11D3-BF4B-00C04F79EFBC}") = "SS.Blog.Middleware", "..\SS.Blog.Middleware\SS.Blog.Middleware.csproj", "{6D74A482-3942-4B67-99D8-7F731CD9725F}"
EndProject
Global
	GlobalSection(SolutionConfigurationPlatforms) = preSolution
		Debug|Any CPU = Debug|Any CPU
		Release|Any CPU = Release|Any CPU
	EndGlobalSection
	GlobalSection(ProjectConfigurationPlatforms) = postSolution
		{C6A97D41-62F7-410A-A2E1-81AADB7D0A8E}.Debug|Any CPU.ActiveCfg = Debug|Any CPU
		{C6A97D41-62F7-410A-A2E1-81AADB7D0A8E}.Debug|Any CPU.Build.0 = Debug|Any CPU
		{C6A97D41-62F7-410A-A2E1-81AADB7D0A8E}.Release|Any CPU.ActiveCfg = Release|Any CPU
		{C6A97D41-62F7-410A-A2E1-81AADB7D0A8E}.Release|Any CPU.Build.0 = Release|Any CPU
		{0D5BFDBA-C32B-4495-9E32-1D0031F5FE32}.Debug|Any CPU.ActiveCfg = Debug|Any CPU
		{0D5BFDBA-C32B-4495-9E32-1D0031F5FE32}.Debug|Any CPU.Build.0 = Debug|Any CPU
		{0D5BFDBA-C32B-4495-9E32-1D0031F5FE32}.Release|Any CPU.ActiveCfg = Release|Any CPU
		{0D5BFDBA-C32B-4495-9E32-1D0031F5FE32}.Release|Any CPU.Build.0 = Release|Any CPU
		{AEB7245B-5111-41B9-B991-614AE7DA6E43}.Debug|Any CPU.ActiveCfg = Debug|Any CPU
		{AEB7245B-5111-41B9-B991-614AE7DA6E43}.Debug|Any CPU.Build.0 = Debug|Any CPU
		{AEB7245B-5111-41B9-B991-614AE7DA6E43}.Release|Any CPU.ActiveCfg = Release|Any CPU
		{AEB7245B-5111-41B9-B991-614AE7DA6E43}.Release|Any CPU.Build.0 = Release|Any CPU
		{08D2307A-E10A-4E89-A67C-DAC2B9E68566}.Debug|Any CPU.ActiveCfg = Debug|Any CPU
		{08D2307A-E10A-4E89-A67C-DAC2B9E68566}.Debug|Any CPU.Build.0 = Debug|Any CPU
		{08D2307A-E10A-4E89-A67C-DAC2B9E68566}.Release|Any CPU.ActiveCfg = Release|Any CPU
		{08D2307A-E10A-4E89-A67C-DAC2B9E68566}.Release|Any CPU.Build.0 = Release|Any CPU
		{E874584C-32E7-4F15-9B60-C4BD87E664B1}.Debug|Any CPU.ActiveCfg = Debug|Any CPU
		{E874584C-32E7-4F15-9B60-C4BD87E664B1}.Debug|Any CPU.Build.0 = Debug|Any CPU
		{E874584C-32E7-4F15-9B60-C4BD87E664B1}.Release|Any CPU.ActiveCfg = Release|Any CPU
		{E874584C-32E7-4F15-9B60-C4BD87E664B1}.Release|Any CPU.Build.0 = Release|Any CPU
		{4C490C41-FD59-4B14-AB34-0A0442245895}.Debug|Any CPU.ActiveCfg = Debug|Any CPU
		{4C490C41-FD59-4B14-AB34-0A0442245895}.Debug|Any CPU.Build.0 = Debug|Any CPU
		{4C490C41-FD59-4B14-AB34-0A0442245895}.Release|Any CPU.ActiveCfg = Release|Any CPU
		{4C490C41-FD59-4B14-AB34-0A0442245895}.Release|Any CPU.Build.0 = Release|Any CPU
		{2CD2D91F-A38F-417B-B144-C9D7F221DA19}.Debug|Any CPU.ActiveCfg = Debug|Any CPU
		{2CD2D91F-A38F-417B-B144-C9D7F221DA19}.Debug|Any CPU.Build.0 = Debug|Any CPU
		{2CD2D91F-A38F-417B-B144-C9D7F221DA19}.Release|Any CPU.ActiveCfg = Release|Any CPU
		{2CD2D91F-A38F-417B-B144-C9D7F221DA19}.Release|Any CPU.Build.0 = Release|Any CPU
		{6D74A482-3942-4B67-99D8-7F731CD9725F}.Debug|Any CPU.ActiveCfg = Debug|Any CPU
		{6D74A482-3942-4B67-99D8-7F731CD9725F}.Debug|Any CPU.Build.0 = Debug|Any CPU
		{6D74A482-3942-4B67-99D8-7F731CD9725F}.Release|Any CPU.ActiveCfg = Release|Any CPU
		{6D74A482-3942-4B67-99D8-7F731CD9725F}.Release|Any CPU.Build.0 = Release|Any CPU
	EndGlobalSection
	GlobalSection(SolutionProperties) = preSolution
		HideSolutionNode = FALSE
	EndGlobalSection
	GlobalSection(NestedProjects) = preSolution
		{3F11A68F-A7D7-4694-AC33-0FD800782356} = {998BDA66-52D6-4C54-8361-BF3B759F6EAF}
		{DE7D5438-3199-41EA-A54C-07A18D598666} = {998BDA66-52D6-4C54-8361-BF3B759F6EAF}
		{4A838543-8E6D-4801-B910-2E8B8D363BC2} = {AA125C94-859D-453C-9A55-F3F2D0E14015}
		{C6A97D41-62F7-410A-A2E1-81AADB7D0A8E} = {3F11A68F-A7D7-4694-AC33-0FD800782356}
		{0D5BFDBA-C32B-4495-9E32-1D0031F5FE32} = {4A838543-8E6D-4801-B910-2E8B8D363BC2}
		{AEB7245B-5111-41B9-B991-614AE7DA6E43} = {DE7D5438-3199-41EA-A54C-07A18D598666}
		{647BF1CE-7317-4DDD-AB50-9A4D00A12F6B} = {998BDA66-52D6-4C54-8361-BF3B759F6EAF}
		{08D2307A-E10A-4E89-A67C-DAC2B9E68566} = {647BF1CE-7317-4DDD-AB50-9A4D00A12F6B}
		{D12F9735-C058-4A6D-82EF-C60B6FB5AE33} = {998BDA66-52D6-4C54-8361-BF3B759F6EAF}
		{E874584C-32E7-4F15-9B60-C4BD87E664B1} = {D12F9735-C058-4A6D-82EF-C60B6FB5AE33}
		{AA125C94-859D-453C-9A55-F3F2D0E14015} = {998BDA66-52D6-4C54-8361-BF3B759F6EAF}
		{4C490C41-FD59-4B14-AB34-0A0442245895} = {AA125C94-859D-453C-9A55-F3F2D0E14015}
		{2CD2D91F-A38F-417B-B144-C9D7F221DA19} = {AA125C94-859D-453C-9A55-F3F2D0E14015}
		{C9A03C4F-E4BA-4DE3-BFF2-1B62205C85DE} = {AA125C94-859D-453C-9A55-F3F2D0E14015}
		{6D74A482-3942-4B67-99D8-7F731CD9725F} = {C9A03C4F-E4BA-4DE3-BFF2-1B62205C85DE}
	EndGlobalSection
	GlobalSection(ExtensibilityGlobals) = postSolution
		SolutionGuid = {4B6879B1-2AE9-4958-A9B2-1ECABBB15FC0}
	EndGlobalSection
EndGlobal
